
Microsoft Visual Studio Solution File, Format Version 12.00
# Visual Studio Version 16
VisualStudioVersion = 16.0.30804.86
MinimumVisualStudioVersion = 10.0.40219.1
Project("{FAE04EC0-301F-11D3-BF4B-00C04F79EFBC}") = "GameProject", "GameProject\GameProject.csproj", "{A182E96A-D7E1-477D-B083-912EF11466C8}"
EndProject
Global
	GlobalSection(SolutionConfigurationPlatforms) = preSolution
		Debug|Any CPU = Debug|Any CPU
		Release|Any CPU = Release|Any CPU
	EndGlobalSection
	GlobalSection(ProjectConfigurationPlatforms) = postSolution
		{A182E96A-D7E1-477D-B083-912EF11466C8}.Debug|Any CPU.ActiveCfg = Debug|Any CPU
		{A182E96A-D7E1-477D-B083-912EF11466C8}.Debug|Any CPU.Build.0 = Debug|Any CPU
		{A182E96A-D7E1-477D-B083-912EF11466C8}.Release|Any CPU.ActiveCfg = Release|Any CPU
		{A182E96A-D7E1-477D-B083-912EF11466C8}.Release|Any CPU.Build.0 = Release|Any CPU
	EndGlobalSection
	GlobalSection(SolutionProperties) = preSolution
		HideSolutionNode = FALSE
	EndGlobalSection
	GlobalSection(ExtensibilityGlobals) = postSolution
		SolutionGuid = {20B84970-0374-4451-AB38-7FC8A5E57DCF}
	EndGlobalSection
EndGlobal
